
Microsoft Visual Studio Solution File, Format Version 12.00
# Visual Studio 15
VisualStudioVersion = 15.0.27004.2002
MinimumVisualStudioVersion = 10.0.40219.1
Project("{FAE04EC0-301F-11D3-BF4B-00C04F79EFBC}") = "InzOp2zad7", "InzOp2zad7\InzOp2zad7.csproj", "{FFDBDFBC-B3FE-41BE-BCEA-E793564B4E34}"
EndProject
Global
	GlobalSection(SolutionConfigurationPlatforms) = preSolution
		Debug|Any CPU = Debug|Any CPU
		Release|Any CPU = Release|Any CPU
	EndGlobalSection
	GlobalSection(ProjectConfigurationPlatforms) = postSolution
		{FFDBDFBC-B3FE-41BE-BCEA-E793564B4E34}.Debug|Any CPU.ActiveCfg = Debug|Any CPU
		{FFDBDFBC-B3FE-41BE-BCEA-E793564B4E34}.Debug|Any CPU.Build.0 = Debug|Any CPU
		{FFDBDFBC-B3FE-41BE-BCEA-E793564B4E34}.Release|Any CPU.ActiveCfg = Release|Any CPU
		{FFDBDFBC-B3FE-41BE-BCEA-E793564B4E34}.Release|Any CPU.Build.0 = Release|Any CPU
	EndGlobalSection
	GlobalSection(SolutionProperties) = preSolution
		HideSolutionNode = FALSE
	EndGlobalSection
	GlobalSection(ExtensibilityGlobals) = postSolution
		SolutionGuid = {B8BC7BC6-3294-4947-97B5-6115873ABCB9}
	EndGlobalSection
EndGlobal
